// !$*UTF8*$!
{
	archiveVersion = 1;
	classes = {
	};
	objectVersion = 48;
	objects = {

/* Begin PBXBuildFile section */
		04E66C8120B10C320078BE8A /* ThreeTableViewController.m in Sources */ = {isa = PBXBuildFile; fileRef = 04E66C5F20B10C310078BE8A /* ThreeTableViewController.m */; };
		04E66C8220B10C320078BE8A /* OneTableViewController.m in Sources */ = {isa = PBXBuildFile; fileRef = 04E66C6020B10C310078BE8A /* OneTableViewController.m */; };
		04E66C8320B10C320078BE8A /* Assets.xcassets in Resources */ = {isa = PBXBuildFile; fileRef = 04E66C6120B10C310078BE8A /* Assets.xcassets */; };
		04E66C8520B10C320078BE8A /* ViewController.m in Sources */ = {isa = PBXBuildFile; fileRef = 04E66C6320B10C310078BE8A /* ViewController.m */; };
		04E66C8620B10C320078BE8A /* LaunchScreen.storyboard in Resources */ = {isa = PBXBuildFile; fileRef = 04E66C6420B10C310078BE8A /* LaunchScreen.storyboard */; };
		04E66C8720B10C320078BE8A /* Main.storyboard in Resources */ = {isa = PBXBuildFile; fileRef = 04E66C6620B10C310078BE8A /* Main.storyboard */; };
		04E66C8820B10C320078BE8A /* main.m in Sources */ = {isa = PBXBuildFile; fileRef = 04E66C6820B10C310078BE8A /* main.m */; };
		04E66C8920B10C320078BE8A /* TwoTableViewController.m in Sources */ = {isa = PBXBuildFile; fileRef = 04E66C6920B10C310078BE8A /* TwoTableViewController.m */; };
		04E66C8A20B10C320078BE8A /* GlobalConfig.m in Sources */ = {isa = PBXBuildFile; fileRef = 04E66C6B20B10C310078BE8A /* GlobalConfig.m */; };
		04E66C8B20B10C320078BE8A /* AppDelegate.m in Sources */ = {isa = PBXBuildFile; fileRef = 04E66C6C20B10C310078BE8A /* AppDelegate.m */; };
		04E66C8C20B10C320078BE8A /* SYTabBarViewController.m in Sources */ = {isa = PBXBuildFile; fileRef = 04E66C6F20B10C310078BE8A /* SYTabBarViewController.m */; };
		04E66C8D20B10C320078BE8A /* UIViewController+SY.m in Sources */ = {isa = PBXBuildFile; fileRef = 04E66C7220B10C310078BE8A /* UIViewController+SY.m */; };
		04E66C8E20B10C320078BE8A /* SYBlendingLabel.m in Sources */ = {isa = PBXBuildFile; fileRef = 04E66C7620B10C310078BE8A /* SYBlendingLabel.m */; };
		04E66C8F20B10C320078BE8A /* SYBlendingView.m in Sources */ = {isa = PBXBuildFile; fileRef = 04E66C7720B10C310078BE8A /* SYBlendingView.m */; };
		04E66C9020B10C320078BE8A /* Info.plist in Resources */ = {isa = PBXBuildFile; fileRef = 04E66C7820B10C310078BE8A /* Info.plist */; };
/* End PBXBuildFile section */

/* Begin PBXContainerItemProxy section */
		04004DCE20AC3AEB003FDA7F /* PBXContainerItemProxy */ = {
			isa = PBXContainerItemProxy;
			containerPortal = 04004DAD20AC3AEB003FDA7F /* Project object */;
			proxyType = 1;
			remoteGlobalIDString = 04004DB420AC3AEB003FDA7F;
			remoteInfo = tabBarMoveAnimation;
		};
		04004DD920AC3AEB003FDA7F /* PBXContainerItemProxy */ = {
			isa = PBXContainerItemProxy;
			containerPortal = 04004DAD20AC3AEB003FDA7F /* Project object */;
			proxyType = 1;
			remoteGlobalIDString = 04004DB420AC3AEB003FDA7F;
			remoteInfo = tabBarMoveAnimation;
		};
/* End PBXContainerItemProxy section */

/* Begin PBXFileReference section */
		04004DB520AC3AEB003FDA7F /* SYTabBarViewController.app */ = {isa = PBXFileReference; explicitFileType = wrapper.application; includeInIndex = 0; path = SYTabBarViewController.app; sourceTree = BUILT_PRODUCTS_DIR; };
		04004DCD20AC3AEB003FDA7F /* SYTabBarViewControllerTests.xctest */ = {isa = PBXFileReference; explicitFileType = wrapper.cfbundle; includeInIndex = 0; path = SYTabBarViewControllerTests.xctest; sourceTree = BUILT_PRODUCTS_DIR; };
		04004DD820AC3AEB003FDA7F /* SYTabBarViewControllerUITests.xctest */ = {isa = PBXFileReference; explicitFileType = wrapper.cfbundle; includeInIndex = 0; path = SYTabBarViewControllerUITests.xctest; sourceTree = BUILT_PRODUCTS_DIR; };
		04E66C5C20B10C310078BE8A /* AppDelegate.h */ = {isa = PBXFileReference; fileEncoding = 4; lastKnownFileType = sourcecode.c.h; path = AppDelegate.h; sourceTree = "<group>"; };
		04E66C5D20B10C310078BE8A /* GlobalConfig.h */ = {isa = PBXFileReference; fileEncoding = 4; lastKnownFileType = sourcecode.c.h; path = GlobalConfig.h; sourceTree = "<group>"; };
		04E66C5E20B10C310078BE8A /* TwoTableViewController.h */ = {isa = PBXFileReference; fileEncoding = 4; lastKnownFileType = sourcecode.c.h; path = TwoTableViewController.h; sourceTree = "<group>"; };
		04E66C5F20B10C310078BE8A /* ThreeTableViewController.m */ = {isa = PBXFileReference; fileEncoding = 4; lastKnownFileType = sourcecode.c.objc; path = ThreeTableViewController.m; sourceTree = "<group>"; };
		04E66C6020B10C310078BE8A /* OneTableViewController.m */ = {isa = PBXFileReference; fileEncoding = 4; lastKnownFileType = sourcecode.c.objc; path = OneTableViewController.m; sourceTree = "<group>"; };
		04E66C6120B10C310078BE8A /* Assets.xcassets */ = {isa = PBXFileReference; lastKnownFileType = folder.assetcatalog; path = Assets.xcassets; sourceTree = "<group>"; };
		04E66C6320B10C310078BE8A /* ViewController.m */ = {isa = PBXFileReference; fileEncoding = 4; lastKnownFileType = sourcecode.c.objc; path = ViewController.m; sourceTree = "<group>"; };
		04E66C6520B10C310078BE8A /* Base */ = {isa = PBXFileReference; lastKnownFileType = file.storyboard; name = Base; path = Base.lproj/LaunchScreen.storyboard; sourceTree = "<group>"; };
		04E66C6720B10C310078BE8A /* Base */ = {isa = PBXFileReference; lastKnownFileType = file.storyboard; name = Base; path = Base.lproj/Main.storyboard; sourceTree = "<group>"; };
		04E66C6820B10C310078BE8A /* main.m */ = {isa = PBXFileReference; fileEncoding = 4; lastKnownFileType = sourcecode.c.objc; path = main.m; sourceTree = "<group>"; };
		04E66C6920B10C310078BE8A /* TwoTableViewController.m */ = {isa = PBXFileReference; fileEncoding = 4; lastKnownFileType = sourcecode.c.objc; path = TwoTableViewController.m; sourceTree = "<group>"; };
		04E66C6A20B10C310078BE8A /* ThreeTableViewController.h */ = {isa = PBXFileReference; fileEncoding = 4; lastKnownFileType = sourcecode.c.h; path = ThreeTableViewController.h; sourceTree = "<group>"; };
		04E66C6B20B10C310078BE8A /* GlobalConfig.m */ = {isa = PBXFileReference; fileEncoding = 4; lastKnownFileType = sourcecode.c.objc; path = GlobalConfig.m; sourceTree = "<group>"; };
		04E66C6C20B10C310078BE8A /* AppDelegate.m */ = {isa = PBXFileReference; fileEncoding = 4; lastKnownFileType = sourcecode.c.objc; path = AppDelegate.m; sourceTree = "<group>"; };
		04E66C6D20B10C310078BE8A /* OneTableViewController.h */ = {isa = PBXFileReference; fileEncoding = 4; lastKnownFileType = sourcecode.c.h; path = OneTableViewController.h; sourceTree = "<group>"; };
		04E66C6F20B10C310078BE8A /* SYTabBarViewController.m */ = {isa = PBXFileReference; fileEncoding = 4; lastKnownFileType = sourcecode.c.objc; path = SYTabBarViewController.m; sourceTree = "<group>"; };
		04E66C7020B10C310078BE8A /* SYTabBarViewController.h */ = {isa = PBXFileReference; fileEncoding = 4; lastKnownFileType = sourcecode.c.h; path = SYTabBarViewController.h; sourceTree = "<group>"; };
		04E66C7220B10C310078BE8A /* UIViewController+SY.m */ = {isa = PBXFileReference; fileEncoding = 4; lastKnownFileType = sourcecode.c.objc; path = "UIViewController+SY.m"; sourceTree = "<group>"; };
		04E66C7320B10C310078BE8A /* SYBlendingView.h */ = {isa = PBXFileReference; fileEncoding = 4; lastKnownFileType = sourcecode.c.h; path = SYBlendingView.h; sourceTree = "<group>"; };
		04E66C7420B10C310078BE8A /* SYBlendingLabel.h */ = {isa = PBXFileReference; fileEncoding = 4; lastKnownFileType = sourcecode.c.h; path = SYBlendingLabel.h; sourceTree = "<group>"; };
		04E66C7520B10C310078BE8A /* UIViewController+SY.h */ = {isa = PBXFileReference; fileEncoding = 4; lastKnownFileType = sourcecode.c.h; path = "UIViewController+SY.h"; sourceTree = "<group>"; };
		04E66C7620B10C310078BE8A /* SYBlendingLabel.m */ = {isa = PBXFileReference; fileEncoding = 4; lastKnownFileType = sourcecode.c.objc; path = SYBlendingLabel.m; sourceTree = "<group>"; };
		04E66C7720B10C310078BE8A /* SYBlendingView.m */ = {isa = PBXFileReference; fileEncoding = 4; lastKnownFileType = sourcecode.c.objc; path = SYBlendingView.m; sourceTree = "<group>"; };
		04E66C7820B10C310078BE8A /* Info.plist */ = {isa = PBXFileReference; fileEncoding = 4; lastKnownFileType = text.plist.xml; path = Info.plist; sourceTree = "<group>"; };
		04E66C7920B10C310078BE8A /* ViewController.h */ = {isa = PBXFileReference; fileEncoding = 4; lastKnownFileType = sourcecode.c.h; path = ViewController.h; sourceTree = "<group>"; };
/* End PBXFileReference section */

/* Begin PBXFrameworksBuildPhase section */
		04004DB220AC3AEB003FDA7F /* Frameworks */ = {
			isa = PBXFrameworksBuildPhase;
			buildActionMask = 2147483647;
			files = (
			);
			runOnlyForDeploymentPostprocessing = 0;
		};
		04004DCA20AC3AEB003FDA7F /* Frameworks */ = {
			isa = PBXFrameworksBuildPhase;
			buildActionMask = 2147483647;
			files = (
			);
			runOnlyForDeploymentPostprocessing = 0;
		};
		04004DD520AC3AEB003FDA7F /* Frameworks */ = {
			isa = PBXFrameworksBuildPhase;
			buildActionMask = 2147483647;
			files = (
			);
			runOnlyForDeploymentPostprocessing = 0;
		};
/* End PBXFrameworksBuildPhase section */

/* Begin PBXGroup section */
		04004DAC20AC3AEB003FDA7F = {
			isa = PBXGroup;
			children = (
				04E66C5B20B10C310078BE8A /* SYTabBarViewController */,
				04004DB620AC3AEB003FDA7F /* Products */,
			);
			sourceTree = "<group>";
		};
		04004DB620AC3AEB003FDA7F /* Products */ = {
			isa = PBXGroup;
			children = (
				04004DB520AC3AEB003FDA7F /* SYTabBarViewController.app */,
				04004DCD20AC3AEB003FDA7F /* SYTabBarViewControllerTests.xctest */,
				04004DD820AC3AEB003FDA7F /* SYTabBarViewControllerUITests.xctest */,
			);
			name = Products;
			sourceTree = "<group>";
		};
		04E66C5B20B10C310078BE8A /* SYTabBarViewController */ = {
			isa = PBXGroup;
			children = (
				04E66C6E20B10C310078BE8A /* SYTabBarViewController */,
				04E66C5E20B10C310078BE8A /* TwoTableViewController.h */,
				04E66C6920B10C310078BE8A /* TwoTableViewController.m */,
				04E66C6A20B10C310078BE8A /* ThreeTableViewController.h */,
				04E66C5F20B10C310078BE8A /* ThreeTableViewController.m */,
				04E66C6D20B10C310078BE8A /* OneTableViewController.h */,
				04E66C6020B10C310078BE8A /* OneTableViewController.m */,
				04E66C7920B10C310078BE8A /* ViewController.h */,
				04E66C6320B10C310078BE8A /* ViewController.m */,
				04E66C6420B10C310078BE8A /* LaunchScreen.storyboard */,
				04E66C6620B10C310078BE8A /* Main.storyboard */,
				04E66C6820B10C310078BE8A /* main.m */,
				04E66C5D20B10C310078BE8A /* GlobalConfig.h */,
				04E66C6B20B10C310078BE8A /* GlobalConfig.m */,
				04E66C5C20B10C310078BE8A /* AppDelegate.h */,
				04E66C6C20B10C310078BE8A /* AppDelegate.m */,
				04E66C7820B10C310078BE8A /* Info.plist */,
				04E66C6120B10C310078BE8A /* Assets.xcassets */,
			);
			path = SYTabBarViewController;
			sourceTree = "<group>";
		};
		04E66C6E20B10C310078BE8A /* SYTabBarViewController */ = {
			isa = PBXGroup;
			children = (
				04E66C7020B10C310078BE8A /* SYTabBarViewController.h */,
				04E66C6F20B10C310078BE8A /* SYTabBarViewController.m */,
				04E66C7120B10C310078BE8A /* SYBlendingView */,
			);
			path = SYTabBarViewController;
			sourceTree = "<group>";
		};
		04E66C7120B10C310078BE8A /* SYBlendingView */ = {
			isa = PBXGroup;
			children = (
				04E66C7320B10C310078BE8A /* SYBlendingView.h */,
				04E66C7720B10C310078BE8A /* SYBlendingView.m */,
				04E66C7420B10C310078BE8A /* SYBlendingLabel.h */,
				04E66C7620B10C310078BE8A /* SYBlendingLabel.m */,
				04E66C7520B10C310078BE8A /* UIViewController+SY.h */,
				04E66C7220B10C310078BE8A /* UIViewController+SY.m */,
			);
			path = SYBlendingView;
			sourceTree = "<group>";
		};
/* End PBXGroup section */

/* Begin PBXNativeTarget section */
		04004DB420AC3AEB003FDA7F /* SYTabBarViewController */ = {
			isa = PBXNativeTarget;
			buildConfigurationList = 04004DE120AC3AEB003FDA7F /* Build configuration list for PBXNativeTarget "SYTabBarViewController" */;
			buildPhases = (
				04004DB120AC3AEB003FDA7F /* Sources */,
				04004DB220AC3AEB003FDA7F /* Frameworks */,
				04004DB320AC3AEB003FDA7F /* Resources */,
			);
			buildRules = (
			);
			dependencies = (
			);
			name = SYTabBarViewController;
			productName = tabBarMoveAnimation;
			productReference = 04004DB520AC3AEB003FDA7F /* SYTabBarViewController.app */;
			productType = "com.apple.product-type.application";
		};
		04004DCC20AC3AEB003FDA7F /* SYTabBarViewControllerTests */ = {
			isa = PBXNativeTarget;
			buildConfigurationList = 04004DE420AC3AEB003FDA7F /* Build configuration list for PBXNativeTarget "SYTabBarViewControllerTests" */;
			buildPhases = (
				04004DC920AC3AEB003FDA7F /* Sources */,
				04004DCA20AC3AEB003FDA7F /* Frameworks */,
				04004DCB20AC3AEB003FDA7F /* Resources */,
			);
			buildRules = (
			);
			dependencies = (
				04004DCF20AC3AEB003FDA7F /* PBXTargetDependency */,
			);
			name = SYTabBarViewControllerTests;
			productName = tabBarMoveAnimationTests;
			productReference = 04004DCD20AC3AEB003FDA7F /* SYTabBarViewControllerTests.xctest */;
			productType = "com.apple.product-type.bundle.unit-test";
		};
		04004DD720AC3AEB003FDA7F /* SYTabBarViewControllerUITests */ = {
			isa = PBXNativeTarget;
			buildConfigurationList = 04004DE720AC3AEB003FDA7F /* Build configuration list for PBXNativeTarget "SYTabBarViewControllerUITests" */;
			buildPhases = (
				04004DD420AC3AEB003FDA7F /* Sources */,
				04004DD520AC3AEB003FDA7F /* Frameworks */,
				04004DD620AC3AEB003FDA7F /* Resources */,
			);
			buildRules = (
			);
			dependencies = (
				04004DDA20AC3AEB003FDA7F /* PBXTargetDependency */,
			);
			name = SYTabBarViewControllerUITests;
			productName = tabBarMoveAnimationUITests;
			productReference = 04004DD820AC3AEB003FDA7F /* SYTabBarViewControllerUITests.xctest */;
			productType = "com.apple.product-type.bundle.ui-testing";
		};
/* End PBXNativeTarget section */

/* Begin PBXProject section */
		04004DAD20AC3AEB003FDA7F /* Project object */ = {
			isa = PBXProject;
			attributes = {
				LastUpgradeCheck = 0920;
				ORGANIZATIONNAME = bianla;
				TargetAttributes = {
					04004DB420AC3AEB003FDA7F = {
						CreatedOnToolsVersion = 9.2;
						ProvisioningStyle = Automatic;
					};
					04004DCC20AC3AEB003FDA7F = {
						CreatedOnToolsVersion = 9.2;
						ProvisioningStyle = Automatic;
						TestTargetID = 04004DB420AC3AEB003FDA7F;
					};
					04004DD720AC3AEB003FDA7F = {
						CreatedOnToolsVersion = 9.2;
						ProvisioningStyle = Automatic;
						TestTargetID = 04004DB420AC3AEB003FDA7F;
					};
				};
			};
			buildConfigurationList = 04004DB020AC3AEB003FDA7F /* Build configuration list for PBXProject "SYTabBarViewController" */;
			compatibilityVersion = "Xcode 8.0";
			developmentRegion = en;
			hasScannedForEncodings = 0;
			knownRegions = (
				en,
				Base,
			);
			mainGroup = 04004DAC20AC3AEB003FDA7F;
			productRefGroup = 04004DB620AC3AEB003FDA7F /* Products */;
			projectDirPath = "";
			projectRoot = "";
			targets = (
				04004DB420AC3AEB003FDA7F /* SYTabBarViewController */,
				04004DCC20AC3AEB003FDA7F /* SYTabBarViewControllerTests */,
				04004DD720AC3AEB003FDA7F /* SYTabBarViewControllerUITests */,
			);
		};
/* End PBXProject section */

/* Begin PBXResourcesBuildPhase section */
		04004DB320AC3AEB003FDA7F /* Resources */ = {
			isa = PBXResourcesBuildPhase;
			buildActionMask = 2147483647;
			files = (
				04E66C9020B10C320078BE8A /* Info.plist in Resources */,
				04E66C8720B10C320078BE8A /* Main.storyboard in Resources */,
				04E66C8320B10C320078BE8A /* Assets.xcassets in Resources */,
				04E66C8620B10C320078BE8A /* LaunchScreen.storyboard in Resources */,
			);
			runOnlyForDeploymentPostprocessing = 0;
		};
		04004DCB20AC3AEB003FDA7F /* Resources */ = {
			isa = PBXResourcesBuildPhase;
			buildActionMask = 2147483647;
			files = (
			);
			runOnlyForDeploymentPostprocessing = 0;
		};
		04004DD620AC3AEB003FDA7F /* Resources */ = {
			isa = PBXResourcesBuildPhase;
			buildActionMask = 2147483647;
			files = (
			);
			runOnlyForDeploymentPostprocessing = 0;
		};
/* End PBXResourcesBuildPhase section */

/* Begin PBXSourcesBuildPhase section */
		04004DB120AC3AEB003FDA7F /* Sources */ = {
			isa = PBXSourcesBuildPhase;
			buildActionMask = 2147483647;
			files = (
				04E66C8820B10C320078BE8A /* main.m in Sources */,
				04E66C8220B10C320078BE8A /* OneTableViewController.m in Sources */,
				04E66C8E20B10C320078BE8A /* SYBlendingLabel.m in Sources */,
				04E66C8920B10C320078BE8A /* TwoTableViewController.m in Sources */,
				04E66C8D20B10C320078BE8A /* UIViewController+SY.m in Sources */,
				04E66C8B20B10C320078BE8A /* AppDelegate.m in Sources */,
				04E66C8F20B10C320078BE8A /* SYBlendingView.m in Sources */,
				04E66C8520B10C320078BE8A /* ViewController.m in Sources */,
				04E66C8120B10C320078BE8A /* ThreeTableViewController.m in Sources */,
				04E66C8C20B10C320078BE8A /* SYTabBarViewController.m in Sources */,
				04E66C8A20B10C320078BE8A /* GlobalConfig.m in Sources */,
			);
			runOnlyForDeploymentPostprocessing = 0;
		};
		04004DC920AC3AEB003FDA7F /* Sources */ = {
			isa = PBXSourcesBuildPhase;
			buildActionMask = 2147483647;
			files = (
			);
			runOnlyForDeploymentPostprocessing = 0;
		};
		04004DD420AC3AEB003FDA7F /* Sources */ = {
			isa = PBXSourcesBuildPhase;
			buildActionMask = 2147483647;
			files = (
			);
			runOnlyForDeploymentPostprocessing = 0;
		};
/* End PBXSourcesBuildPhase section */

/* Begin PBXTargetDependency section */
		04004DCF20AC3AEB003FDA7F /* PBXTargetDependency */ = {
			isa = PBXTargetDependency;
			target = 04004DB420AC3AEB003FDA7F /* SYTabBarViewController */;
			targetProxy = 04004DCE20AC3AEB003FDA7F /* PBXContainerItemProxy */;
		};
		04004DDA20AC3AEB003FDA7F /* PBXTargetDependency */ = {
			isa = PBXTargetDependency;
			target = 04004DB420AC3AEB003FDA7F /* SYTabBarViewController */;
			targetProxy = 04004DD920AC3AEB003FDA7F /* PBXContainerItemProxy */;
		};
/* End PBXTargetDependency section */

/* Begin PBXVariantGroup section */
		04E66C6420B10C310078BE8A /* LaunchScreen.storyboard */ = {
			isa = PBXVariantGroup;
			children = (
				04E66C6520B10C310078BE8A /* Base */,
			);
			name = LaunchScreen.storyboard;
			sourceTree = "<group>";
		};
		04E66C6620B10C310078BE8A /* Main.storyboard */ = {
			isa = PBXVariantGroup;
			children = (
				04E66C6720B10C310078BE8A /* Base */,
			);
			name = Main.storyboard;
			sourceTree = "<group>";
		};
/* End PBXVariantGroup section */

/* Begin XCBuildConfiguration section */
		04004DDF20AC3AEB003FDA7F /* Debug */ = {
			isa = XCBuildConfiguration;
			buildSettings = {
				ALWAYS_SEARCH_USER_PATHS = NO;
				CLANG_ANALYZER_NONNULL = YES;
				CLANG_ANALYZER_NUMBER_OBJECT_CONVERSION = YES_AGGRESSIVE;
				CLANG_CXX_LANGUAGE_STANDARD = "gnu++14";
				CLANG_CXX_LIBRARY = "libc++";
				CLANG_ENABLE_MODULES = YES;
				CLANG_ENABLE_OBJC_ARC = YES;
				CLANG_WARN_BLOCK_CAPTURE_AUTORELEASING = YES;
				CLANG_WARN_BOOL_CONVERSION = YES;
				CLANG_WARN_COMMA = YES;
				CLANG_WARN_CONSTANT_CONVERSION = YES;
				CLANG_WARN_DIRECT_OBJC_ISA_USAGE = YES_ERROR;
				CLANG_WARN_DOCUMENTATION_COMMENTS = YES;
				CLANG_WARN_EMPTY_BODY = YES;
				CLANG_WARN_ENUM_CONVERSION = YES;
				CLANG_WARN_INFINITE_RECURSION = YES;
				CLANG_WARN_INT_CONVERSION = YES;
				CLANG_WARN_NON_LITERAL_NULL_CONVERSION = YES;
				CLANG_WARN_OBJC_LITERAL_CONVERSION = YES;
				CLANG_WARN_OBJC_ROOT_CLASS = YES_ERROR;
				CLANG_WARN_RANGE_LOOP_ANALYSIS = YES;
				CLANG_WARN_STRICT_PROTOTYPES = YES;
				CLANG_WARN_SUSPICIOUS_MOVE = YES;
				CLANG_WARN_UNGUARDED_AVAILABILITY = YES_AGGRESSIVE;
				CLANG_WARN_UNREACHABLE_CODE = YES;
				CLANG_WARN__DUPLICATE_METHOD_MATCH = YES;
				CODE_SIGN_IDENTITY = "iPhone Developer";
				COPY_PHASE_STRIP = NO;
				DEBUG_INFORMATION_FORMAT = dwarf;
				ENABLE_STRICT_OBJC_MSGSEND = YES;
				ENABLE_TESTABILITY = YES;
				GCC_C_LANGUAGE_STANDARD = gnu11;
				GCC_DYNAMIC_NO_PIC = NO;
				GCC_NO_COMMON_BLOCKS = YES;
				GCC_OPTIMIZATION_LEVEL = 0;
				GCC_PREPROCESSOR_DEFINITIONS = (
					"DEBUG=1",
					"$(inherited)",
				);
				GCC_WARN_64_TO_32_BIT_CONVERSION = YES;
				GCC_WARN_ABOUT_RETURN_TYPE = YES_ERROR;
				GCC_WARN_UNDECLARED_SELECTOR = YES;
				GCC_WARN_UNINITIALIZED_AUTOS = YES_AGGRESSIVE;
				GCC_WARN_UNUSED_FUNCTION = YES;
				GCC_WARN_UNUSED_VARIABLE = YES;
				IPHONEOS_DEPLOYMENT_TARGET = 11.2;
				MTL_ENABLE_DEBUG_INFO = YES;
				ONLY_ACTIVE_ARCH = YES;
				SDKROOT = iphoneos;
			};
			name = Debug;
		};
		04004DE020AC3AEB003FDA7F /* Release */ = {
			isa = XCBuildConfiguration;
			buildSettings = {
				ALWAYS_SEARCH_USER_PATHS = NO;
				CLANG_ANALYZER_NONNULL = YES;
				CLANG_ANALYZER_NUMBER_OBJECT_CONVERSION = YES_AGGRESSIVE;
				CLANG_CXX_LANGUAGE_STANDARD = "gnu++14";
				CLANG_CXX_LIBRARY = "libc++";
				CLANG_ENABLE_MODULES = YES;
				CLANG_ENABLE_OBJC_ARC = YES;
				CLANG_WARN_BLOCK_CAPTURE_AUTORELEASING = YES;
				CLANG_WARN_BOOL_CONVERSION = YES;
				CLANG_WARN_COMMA = YES;
				CLANG_WARN_CONSTANT_CONVERSION = YES;
				CLANG_WARN_DIRECT_OBJC_ISA_USAGE = YES_ERROR;
				CLANG_WARN_DOCUMENTATION_COMMENTS = YES;
				CLANG_WARN_EMPTY_BODY = YES;
				CLANG_WARN_ENUM_CONVERSION = YES;
				CLANG_WARN_INFINITE_RECURSION = YES;
				CLANG_WARN_INT_CONVERSION = YES;
				CLANG_WARN_NON_LITERAL_NULL_CONVERSION = YES;
				CLANG_WARN_OBJC_LITERAL_CONVERSION = YES;
				CLANG_WARN_OBJC_ROOT_CLASS = YES_ERROR;
				CLANG_WARN_RANGE_LOOP_ANALYSIS = YES;
				CLANG_WARN_STRICT_PROTOTYPES = YES;
				CLANG_WARN_SUSPICIOUS_MOVE = YES;
				CLANG_WARN_UNGUARDED_AVAILABILITY = YES_AGGRESSIVE;
				CLANG_WARN_UNREACHABLE_CODE = YES;
				CLANG_WARN__DUPLICATE_METHOD_MATCH = YES;
				CODE_SIGN_IDENTITY = "iPhone Developer";
				COPY_PHASE_STRIP = NO;
				DEBUG_INFORMATION_FORMAT = "dwarf-with-dsym";
				ENABLE_NS_ASSERTIONS = NO;
				ENABLE_STRICT_OBJC_MSGSEND = YES;
				GCC_C_LANGUAGE_STANDARD = gnu11;
				GCC_NO_COMMON_BLOCKS = YES;
				GCC_WARN_64_TO_32_BIT_CONVERSION = YES;
				GCC_WARN_ABOUT_RETURN_TYPE = YES_ERROR;
				GCC_WARN_UNDECLARED_SELECTOR = YES;
				GCC_WARN_UNINITIALIZED_AUTOS = YES_AGGRESSIVE;
				GCC_WARN_UNUSED_FUNCTION = YES;
				GCC_WARN_UNUSED_VARIABLE = YES;
				IPHONEOS_DEPLOYMENT_TARGET = 11.2;
				MTL_ENABLE_DEBUG_INFO = NO;
				SDKROOT = iphoneos;
				VALIDATE_PRODUCT = YES;
			};
			name = Release;
		};
		04004DE220AC3AEB003FDA7F /* Debug */ = {
			isa = XCBuildConfiguration;
			buildSettings = {
				ASSETCATALOG_COMPILER_APPICON_NAME = AppIcon;
				CODE_SIGN_STYLE = Automatic;
				DEVELOPMENT_TEAM = 4D83288DVR;
				INFOPLIST_FILE = "$(SRCROOT)/SYTabBarViewController/Info.plist";
				IPHONEOS_DEPLOYMENT_TARGET = 8.0;
				LD_RUNPATH_SEARCH_PATHS = "$(inherited) @executable_path/Frameworks";
				PRODUCT_BUNDLE_IDENTIFIER = com.bianla.tabBarMoveAnimation;
				PRODUCT_NAME = "$(TARGET_NAME)";
				TARGETED_DEVICE_FAMILY = "1,2";
			};
			name = Debug;
		};
		04004DE320AC3AEB003FDA7F /* Release */ = {
			isa = XCBuildConfiguration;
			buildSettings = {
				ASSETCATALOG_COMPILER_APPICON_NAME = AppIcon;
				CODE_SIGN_STYLE = Automatic;
				DEVELOPMENT_TEAM = 4D83288DVR;
				INFOPLIST_FILE = "$(SRCROOT)/SYTabBarViewController/Info.plist";
				IPHONEOS_DEPLOYMENT_TARGET = 8.0;
				LD_RUNPATH_SEARCH_PATHS = "$(inherited) @executable_path/Frameworks";
				PRODUCT_BUNDLE_IDENTIFIER = com.bianla.tabBarMoveAnimation;
				PRODUCT_NAME = "$(TARGET_NAME)";
				TARGETED_DEVICE_FAMILY = "1,2";
			};
			name = Release;
		};
		04004DE520AC3AEB003FDA7F /* Debug */ = {
			isa = XCBuildConfiguration;
			buildSettings = {
				BUNDLE_LOADER = "$(TEST_HOST)";
				CODE_SIGN_STYLE = Automatic;
				INFOPLIST_FILE = tabBarMoveAnimationTests/Info.plist;
				LD_RUNPATH_SEARCH_PATHS = "$(inherited) @executable_path/Frameworks @loader_path/Frameworks";
				PRODUCT_BUNDLE_IDENTIFIER = com.bianla.tabBarMoveAnimationTests;
				PRODUCT_NAME = "$(TARGET_NAME)";
				TARGETED_DEVICE_FAMILY = "1,2";
				TEST_HOST = "$(BUILT_PRODUCTS_DIR)/SYTabBarViewController.app/SYTabBarViewController";
			};
			name = Debug;
		};
		04004DE620AC3AEB003FDA7F /* Release */ = {
			isa = XCBuildConfiguration;
			buildSettings = {
				BUNDLE_LOADER = "$(TEST_HOST)";
				CODE_SIGN_STYLE = Automatic;
				INFOPLIST_FILE = tabBarMoveAnimationTests/Info.plist;
				LD_RUNPATH_SEARCH_PATHS = "$(inherited) @executable_path/Frameworks @loader_path/Frameworks";
				PRODUCT_BUNDLE_IDENTIFIER = com.bianla.tabBarMoveAnimationTests;
				PRODUCT_NAME = "$(TARGET_NAME)";
				TARGETED_DEVICE_FAMILY = "1,2";
				TEST_HOST = "$(BUILT_PRODUCTS_DIR)/SYTabBarViewController.app/SYTabBarViewController";
			};
			name = Release;
		};
		04004DE820AC3AEB003FDA7F /* Debug */ = {
			isa = XCBuildConfiguration;
			buildSettings = {
				CODE_SIGN_STYLE = Automatic;
				INFOPLIST_FILE = tabBarMoveAnimationUITests/Info.plist;
				LD_RUNPATH_SEARCH_PATHS = "$(inherited) @executable_path/Frameworks @loader_path/Frameworks";
				PRODUCT_BUNDLE_IDENTIFIER = com.bianla.tabBarMoveAnimationUITests;
				PRODUCT_NAME = "$(TARGET_NAME)";
				TARGETED_DEVICE_FAMILY = "1,2";
				TEST_TARGET_NAME = tabBarMoveAnimation;
			};
			name = Debug;
		};
		04004DE920AC3AEB003FDA7F /* Release */ = {
			isa = XCBuildConfiguration;
			buildSettings = {
				CODE_SIGN_STYLE = Automatic;
				INFOPLIST_FILE = tabBarMoveAnimationUITests/Info.plist;
				LD_RUNPATH_SEARCH_PATHS = "$(inherited) @executable_path/Frameworks @loader_path/Frameworks";
				PRODUCT_BUNDLE_IDENTIFIER = com.bianla.tabBarMoveAnimationUITests;
				PRODUCT_NAME = "$(TARGET_NAME)";
				TARGETED_DEVICE_FAMILY = "1,2";
				TEST_TARGET_NAME = tabBarMoveAnimation;
			};
			name = Release;
		};
/* End XCBuildConfiguration section */

/* Begin XCConfigurationList section */
		04004DB020AC3AEB003FDA7F /* Build configuration list for PBXProject "SYTabBarViewController" */ = {
			isa = XCConfigurationList;
			buildConfigurations = (
				04004DDF20AC3AEB003FDA7F /* Debug */,
				04004DE020AC3AEB003FDA7F /* Release */,
			);
			defaultConfigurationIsVisible = 0;
			defaultConfigurationName = Release;
		};
		04004DE120AC3AEB003FDA7F /* Build configuration list for PBXNativeTarget "SYTabBarViewController" */ = {
			isa = XCConfigurationList;
			buildConfigurations = (
				04004DE220AC3AEB003FDA7F /* Debug */,
				04004DE320AC3AEB003FDA7F /* Release */,
			);
			defaultConfigurationIsVisible = 0;
			defaultConfigurationName = Release;
		};
		04004DE420AC3AEB003FDA7F /* Build configuration list for PBXNativeTarget "SYTabBarViewControllerTests" */ = {
			isa = XCConfigurationList;
			buildConfigurations = (
				04004DE520AC3AEB003FDA7F /* Debug */,
				04004DE620AC3AEB003FDA7F /* Release */,
			);
			defaultConfigurationIsVisible = 0;
			defaultConfigurationName = Release;
		};
		04004DE720AC3AEB003FDA7F /* Build configuration list for PBXNativeTarget "SYTabBarViewControllerUITests" */ = {
			isa = XCConfigurationList;
			buildConfigurations = (
				04004DE820AC3AEB003FDA7F /* Debug */,
				04004DE920AC3AEB003FDA7F /* Release */,
			);
			defaultConfigurationIsVisible = 0;
			defaultConfigurationName = Release;
		};
/* End XCConfigurationList section */
	};
	rootObject = 04004DAD20AC3AEB003FDA7F /* Project object */;
}
